
Microsoft Visual Studio Solution File, Format Version 12.00
# Visual Studio 14
VisualStudioVersion = 14.0.23107.0
MinimumVisualStudioVersion = 10.0.40219.1
Project("{8BC9CEB8-8B4A-11D0-8D11-00A0C91BC942}") = "Convolution", "conv\Convolution.vcxproj", "{5EF20A6A-15C2-4B87-881E-FB2F52A4FD7B}"
EndProject
Project("{8BC9CEB8-8B4A-11D0-8D11-00A0C91BC942}") = "Primes", "primes\Primes.vcxproj", "{F94254C0-3786-4249-8A7D-EB48E685B5F3}"
EndProject
Project("{8BC9CEB8-8B4A-11D0-8D11-00A0C91BC942}") = "Hello World", "Hello World\Hello World.vcxproj", "{B8126988-8131-4F83-A5DD-9831A9FF9119}"
EndProject
Project("{8BC9CEB8-8B4A-11D0-8D11-00A0C91BC942}") = "Parallel Sort", "Parallel Sort\Parallel Sort.vcxproj", "{559D13B5-59C8-491E-8E08-BDAD3BEC8B9C}"
EndProject
Global
	GlobalSection(SolutionConfigurationPlatforms) = preSolution
		Debug|x64 = Debug|x64
		Debug|x86 = Debug|x86
		Release|x64 = Release|x64
		Release|x86 = Release|x86
	EndGlobalSection
	GlobalSection(ProjectConfigurationPlatforms) = postSolution
		{5EF20A6A-15C2-4B87-881E-FB2F52A4FD7B}.Debug|x64.ActiveCfg = Debug|x64
		{5EF20A6A-15C2-4B87-881E-FB2F52A4FD7B}.Debug|x64.Build.0 = Debug|x64
		{5EF20A6A-15C2-4B87-881E-FB2F52A4FD7B}.Debug|x86.ActiveCfg = Debug|Win32
		{5EF20A6A-15C2-4B87-881E-FB2F52A4FD7B}.Debug|x86.Build.0 = Debug|Win32
		{5EF20A6A-15C2-4B87-881E-FB2F52A4FD7B}.Release|x64.ActiveCfg = Release|x64
		{5EF20A6A-15C2-4B87-881E-FB2F52A4FD7B}.Release|x64.Build.0 = Release|x64
		{5EF20A6A-15C2-4B87-881E-FB2F52A4FD7B}.Release|x86.ActiveCfg = Release|Win32
		{5EF20A6A-15C2-4B87-881E-FB2F52A4FD7B}.Release|x86.Build.0 = Release|Win32
		{F94254C0-3786-4249-8A7D-EB48E685B5F3}.Debug|x64.ActiveCfg = Debug|x64
		{F94254C0-3786-4249-8A7D-EB48E685B5F3}.Debug|x64.Build.0 = Debug|x64
		{F94254C0-3786-4249-8A7D-EB48E685B5F3}.Debug|x86.ActiveCfg = Debug|Win32
		{F94254C0-3786-4249-8A7D-EB48E685B5F3}.Debug|x86.Build.0 = Debug|Win32
		{F94254C0-3786-4249-8A7D-EB48E685B5F3}.Release|x64.ActiveCfg = Release|x64
		{F94254C0-3786-4249-8A7D-EB48E685B5F3}.Release|x64.Build.0 = Release|x64
		{F94254C0-3786-4249-8A7D-EB48E685B5F3}.Release|x86.ActiveCfg = Release|Win32
		{F94254C0-3786-4249-8A7D-EB48E685B5F3}.Release|x86.Build.0 = Release|Win32
		{B8126988-8131-4F83-A5DD-9831A9FF9119}.Debug|x64.ActiveCfg = Debug|x64
		{B8126988-8131-4F83-A5DD-9831A9FF9119}.Debug|x64.Build.0 = Debug|x64
		{B8126988-8131-4F83-A5DD-9831A9FF9119}.Debug|x86.ActiveCfg = Debug|Win32
		{B8126988-8131-4F83-A5DD-9831A9FF9119}.Debug|x86.Build.0 = Debug|Win32
		{B8126988-8131-4F83-A5DD-9831A9FF9119}.Release|x64.ActiveCfg = Release|x64
		{B8126988-8131-4F83-A5DD-9831A9FF9119}.Release|x64.Build.0 = Release|x64
		{B8126988-8131-4F83-A5DD-9831A9FF9119}.Release|x86.ActiveCfg = Release|Win32
		{B8126988-8131-4F83-A5DD-9831A9FF9119}.Release|x86.Build.0 = Release|Win32
		{559D13B5-59C8-491E-8E08-BDAD3BEC8B9C}.Debug|x64.ActiveCfg = Debug|x64
		{559D13B5-59C8-491E-8E08-BDAD3BEC8B9C}.Debug|x64.Build.0 = Debug|x64
		{559D13B5-59C8-491E-8E08-BDAD3BEC8B9C}.Debug|x86.ActiveCfg = Debug|Win32
		{559D13B5-59C8-491E-8E08-BDAD3BEC8B9C}.Debug|x86.Build.0 = Debug|Win32
		{559D13B5-59C8-491E-8E08-BDAD3BEC8B9C}.Release|x64.ActiveCfg = Release|x64
		{559D13B5-59C8-491E-8E08-BDAD3BEC8B9C}.Release|x64.Build.0 = Release|x64
		{559D13B5-59C8-491E-8E08-BDAD3BEC8B9C}.Release|x86.ActiveCfg = Release|Win32
		{559D13B5-59C8-491E-8E08-BDAD3BEC8B9C}.Release|x86.Build.0 = Release|Win32
	EndGlobalSection
	GlobalSection(SolutionProperties) = preSolution
		HideSolutionNode = FALSE
	EndGlobalSection
EndGlobal
